// !$*UTF8*$!
{
	archiveVersion = 1;
	classes = {
	};
	objectVersion = 63;
	objects = {

/* Begin PBXBuildFile section */
		1DD3C342BDA2FC525BA63E71 /* SearchFiltersView.swift in Sources */ = {isa = PBXBuildFile; fileRef = 34C2BF924EB38A4A459AE7EB /* SearchFiltersView.swift */; };
		2130917B436EDB55294198E1 /* PlaylistListView.swift in Sources */ = {isa = PBXBuildFile; fileRef = 633BE4E1F80D05BCA7534CE7 /* PlaylistListView.swift */; };
		3341BA5CA31DF76A35FC9C20 /* ChatListView.swift in Sources */ = {isa = PBXBuildFile; fileRef = 116A72218D5D5241BE86F646 /* ChatListView.swift */; };
		36E5F9154701624042B95DEF /* Chat.swift in Sources */ = {isa = PBXBuildFile; fileRef = FF427AE7FDB62B4D0E93BF4F /* Chat.swift */; };
		3A461B8F369A2080E0EDFE34 /* ContentView.swift in Sources */ = {isa = PBXBuildFile; fileRef = 905FE75BAC2DF00921C50790 /* ContentView.swift */; };
		4134F8EA83DE06CA9F26E999 /* Playlist.swift in Sources */ = {isa = PBXBuildFile; fileRef = 783798EBDBBE4972418C3890 /* Playlist.swift */; };
		47D1A1C96F7EAE5F0D72E9FC /* PlaylistListViewModel.swift in Sources */ = {isa = PBXBuildFile; fileRef = 187C879120BBDE7A3CD03560 /* PlaylistListViewModel.swift */; };
		4D2666DE73F19EE1F9BB0A3A /* DopetracksApp.swift in Sources */ = {isa = PBXBuildFile; fileRef = 46CD35CCEE049CB149DCDACA /* DopetracksApp.swift */; };
		7051EA8A1074B074E9066E86 /* APIClient.swift in Sources */ = {isa = PBXBuildFile; fileRef = F0BD2F776C2AD677B6C74ADD /* APIClient.swift */; };
		8012D49AF590A2BD9113C13D /* ChatDetailViewModel.swift in Sources */ = {isa = PBXBuildFile; fileRef = 6D3E05C77DB86BAFD55E4EC1 /* ChatDetailViewModel.swift */; };
		8A81FC548EA73EFDF89CE79F /* PermissionManager.swift in Sources */ = {isa = PBXBuildFile; fileRef = 5E33A7F66505E2893486A7A8 /* PermissionManager.swift */; };
		8FFC71241BC3ED4990EAB622 /* BackendManager.swift in Sources */ = {isa = PBXBuildFile; fileRef = 753E6E79CBB78E44EA9D7703 /* BackendManager.swift */; };
		93CF7619B13897AB0257C0FF /* ChatDetailView.swift in Sources */ = {isa = PBXBuildFile; fileRef = E74FD766CB31A84201A1F3D0 /* ChatDetailView.swift */; };
		9B8615DC4D60641D10BFD679 /* SpotifyProfile.swift in Sources */ = {isa = PBXBuildFile; fileRef = 51E6AA3A6206ACB6CC2ADDB6 /* SpotifyProfile.swift */; };
		A065B1DF1F72F5B55CD149CF /* SettingsView.swift in Sources */ = {isa = PBXBuildFile; fileRef = 2DBEAED06129E3D360B33B91 /* SettingsView.swift */; };
		B5CA8E867563E7A336B80071 /* Message.swift in Sources */ = {isa = PBXBuildFile; fileRef = 199B6B5CD22727FE9003145F /* Message.swift */; };
		B93D0867F32664B5F1DBCE9C /* ChatListViewModel.swift in Sources */ = {isa = PBXBuildFile; fileRef = 39A8F0E691BE96D1996A4D7A /* ChatListViewModel.swift */; };
		BF0C25046B25453A958E6A5C /* SearchFilters.swift in Sources */ = {isa = PBXBuildFile; fileRef = 5735329DF061B1BF69B0F538 /* SearchFilters.swift */; };
		DA147891C0F1CD202DEE07F2 /* StartupView.swift in Sources */ = {isa = PBXBuildFile; fileRef = 4473BCC103D015950A454175 /* StartupView.swift */; };
		FAEFCBC0D09367959F79E97B /* PlaylistCreationView.swift in Sources */ = {isa = PBXBuildFile; fileRef = 83E9C1A6EBD033AD3F2C59A2 /* PlaylistCreationView.swift */; };
/* End PBXBuildFile section */

/* Begin PBXFileReference section */
		116A72218D5D5241BE86F646 /* ChatListView.swift */ = {isa = PBXFileReference; lastKnownFileType = sourcecode.swift; path = ChatListView.swift; sourceTree = "<group>"; };
		187C879120BBDE7A3CD03560 /* PlaylistListViewModel.swift */ = {isa = PBXFileReference; lastKnownFileType = sourcecode.swift; path = PlaylistListViewModel.swift; sourceTree = "<group>"; };
		199B6B5CD22727FE9003145F /* Message.swift */ = {isa = PBXFileReference; lastKnownFileType = sourcecode.swift; path = Message.swift; sourceTree = "<group>"; };
		2DBEAED06129E3D360B33B91 /* SettingsView.swift */ = {isa = PBXFileReference; lastKnownFileType = sourcecode.swift; path = SettingsView.swift; sourceTree = "<group>"; };
		34C2BF924EB38A4A459AE7EB /* SearchFiltersView.swift */ = {isa = PBXFileReference; lastKnownFileType = sourcecode.swift; path = SearchFiltersView.swift; sourceTree = "<group>"; };
		39A8F0E691BE96D1996A4D7A /* ChatListViewModel.swift */ = {isa = PBXFileReference; lastKnownFileType = sourcecode.swift; path = ChatListViewModel.swift; sourceTree = "<group>"; };
		4473BCC103D015950A454175 /* StartupView.swift */ = {isa = PBXFileReference; lastKnownFileType = sourcecode.swift; path = StartupView.swift; sourceTree = "<group>"; };
		46CD35CCEE049CB149DCDACA /* DopetracksApp.swift */ = {isa = PBXFileReference; lastKnownFileType = sourcecode.swift; path = DopetracksApp.swift; sourceTree = "<group>"; };
		51E6AA3A6206ACB6CC2ADDB6 /* SpotifyProfile.swift */ = {isa = PBXFileReference; lastKnownFileType = sourcecode.swift; path = SpotifyProfile.swift; sourceTree = "<group>"; };
		5735329DF061B1BF69B0F538 /* SearchFilters.swift */ = {isa = PBXFileReference; lastKnownFileType = sourcecode.swift; path = SearchFilters.swift; sourceTree = "<group>"; };
		5E33A7F66505E2893486A7A8 /* PermissionManager.swift */ = {isa = PBXFileReference; lastKnownFileType = sourcecode.swift; path = PermissionManager.swift; sourceTree = "<group>"; };
		633BE4E1F80D05BCA7534CE7 /* PlaylistListView.swift */ = {isa = PBXFileReference; lastKnownFileType = sourcecode.swift; path = PlaylistListView.swift; sourceTree = "<group>"; };
		6D3E05C77DB86BAFD55E4EC1 /* ChatDetailViewModel.swift */ = {isa = PBXFileReference; lastKnownFileType = sourcecode.swift; path = ChatDetailViewModel.swift; sourceTree = "<group>"; };
		753E6E79CBB78E44EA9D7703 /* BackendManager.swift */ = {isa = PBXFileReference; lastKnownFileType = sourcecode.swift; path = BackendManager.swift; sourceTree = "<group>"; };
		783798EBDBBE4972418C3890 /* Playlist.swift */ = {isa = PBXFileReference; lastKnownFileType = sourcecode.swift; path = Playlist.swift; sourceTree = "<group>"; };
		83E9C1A6EBD033AD3F2C59A2 /* PlaylistCreationView.swift */ = {isa = PBXFileReference; lastKnownFileType = sourcecode.swift; path = PlaylistCreationView.swift; sourceTree = "<group>"; };
		88E711C922A1FB7CA56B490B /* DopetracksApp.app */ = {isa = PBXFileReference; explicitFileType = wrapper.application; includeInIndex = 0; path = DopetracksApp.app; sourceTree = BUILT_PRODUCTS_DIR; };
		905FE75BAC2DF00921C50790 /* ContentView.swift */ = {isa = PBXFileReference; lastKnownFileType = sourcecode.swift; path = ContentView.swift; sourceTree = "<group>"; };
		E74FD766CB31A84201A1F3D0 /* ChatDetailView.swift */ = {isa = PBXFileReference; lastKnownFileType = sourcecode.swift; path = ChatDetailView.swift; sourceTree = "<group>"; };
		F0BD2F776C2AD677B6C74ADD /* APIClient.swift */ = {isa = PBXFileReference; lastKnownFileType = sourcecode.swift; path = APIClient.swift; sourceTree = "<group>"; };
		FF427AE7FDB62B4D0E93BF4F /* Chat.swift */ = {isa = PBXFileReference; lastKnownFileType = sourcecode.swift; path = Chat.swift; sourceTree = "<group>"; };
/* End PBXFileReference section */

/* Begin PBXGroup section */
		0356ACF1A387EC8C39B6ABEF /* Models */ = {
			isa = PBXGroup;
			children = (
				FF427AE7FDB62B4D0E93BF4F /* Chat.swift */,
				199B6B5CD22727FE9003145F /* Message.swift */,
				783798EBDBBE4972418C3890 /* Playlist.swift */,
				5735329DF061B1BF69B0F538 /* SearchFilters.swift */,
				51E6AA3A6206ACB6CC2ADDB6 /* SpotifyProfile.swift */,
			);
			path = Models;
			sourceTree = "<group>";
		};
		4C8D941BD9E74E7B0E95D7A8 = {
			isa = PBXGroup;
			children = (
				5B64847DB32DB8429CE6C916 /* App */,
				E91C10F210B7B2A6DBCB88CB /* Products */,
			);
			sourceTree = "<group>";
		};
		5B64847DB32DB8429CE6C916 /* App */ = {
			isa = PBXGroup;
			children = (
				905FE75BAC2DF00921C50790 /* ContentView.swift */,
				46CD35CCEE049CB149DCDACA /* DopetracksApp.swift */,
				0356ACF1A387EC8C39B6ABEF /* Models */,
				FDEEB7055C97C76C3B278424 /* Services */,
				A2546DB4806AF95C132C2E5A /* ViewModels */,
				A10832BC2629C3A4B386A442 /* Views */,
			);
			path = App;
			sourceTree = "<group>";
		};
		A10832BC2629C3A4B386A442 /* Views */ = {
			isa = PBXGroup;
			children = (
				E74FD766CB31A84201A1F3D0 /* ChatDetailView.swift */,
				116A72218D5D5241BE86F646 /* ChatListView.swift */,
				83E9C1A6EBD033AD3F2C59A2 /* PlaylistCreationView.swift */,
				633BE4E1F80D05BCA7534CE7 /* PlaylistListView.swift */,
				34C2BF924EB38A4A459AE7EB /* SearchFiltersView.swift */,
				2DBEAED06129E3D360B33B91 /* SettingsView.swift */,
				4473BCC103D015950A454175 /* StartupView.swift */,
			);
			path = Views;
			sourceTree = "<group>";
		};
		A2546DB4806AF95C132C2E5A /* ViewModels */ = {
			isa = PBXGroup;
			children = (
				6D3E05C77DB86BAFD55E4EC1 /* ChatDetailViewModel.swift */,
				39A8F0E691BE96D1996A4D7A /* ChatListViewModel.swift */,
				187C879120BBDE7A3CD03560 /* PlaylistListViewModel.swift */,
			);
			path = ViewModels;
			sourceTree = "<group>";
		};
		E91C10F210B7B2A6DBCB88CB /* Products */ = {
			isa = PBXGroup;
			children = (
				88E711C922A1FB7CA56B490B /* DopetracksApp.app */,
			);
			name = Products;
			sourceTree = "<group>";
		};
		FDEEB7055C97C76C3B278424 /* Services */ = {
			isa = PBXGroup;
			children = (
				F0BD2F776C2AD677B6C74ADD /* APIClient.swift */,
				753E6E79CBB78E44EA9D7703 /* BackendManager.swift */,
				5E33A7F66505E2893486A7A8 /* PermissionManager.swift */,
			);
			path = Services;
			sourceTree = "<group>";
		};
/* End PBXGroup section */

/* Begin PBXNativeTarget section */
		0796D003CADA0DD5C38A1E0C /* DopetracksApp */ = {
			isa = PBXNativeTarget;
			buildConfigurationList = 880831F7F7BAE2D16F6408D1 /* Build configuration list for PBXNativeTarget "DopetracksApp" */;
			buildPhases = (
				936F3DA48F19D654672D3985 /* Sources */,
			);
			buildRules = (
			);
			dependencies = (
			);
			name = DopetracksApp;
			packageProductDependencies = (
			);
			productName = DopetracksApp;
			productReference = 88E711C922A1FB7CA56B490B /* DopetracksApp.app */;
			productType = "com.apple.product-type.application";
		};
/* End PBXNativeTarget section */

/* Begin PBXProject section */
		986CB695D9FF63C6FC835293 /* Project object */ = {
			isa = PBXProject;
			attributes = {
				BuildIndependentTargetsInParallel = YES;
				LastUpgradeCheck = 2620;
				TargetAttributes = {
					0796D003CADA0DD5C38A1E0C = {
						DevelopmentTeam = "";
					};
				};
			};
			buildConfigurationList = AB7CC0D6283B148FF9B77B52 /* Build configuration list for PBXProject "DopetracksApp" */;
			compatibilityVersion = "Xcode 14.0";
			developmentRegion = en;
			hasScannedForEncodings = 0;
			knownRegions = (
				Base,
				en,
			);
			mainGroup = 4C8D941BD9E74E7B0E95D7A8;
			minimizedProjectReferenceProxies = 1;
			projectDirPath = "";
			projectRoot = "";
			targets = (
				0796D003CADA0DD5C38A1E0C /* DopetracksApp */,
			);
		};
/* End PBXProject section */

/* Begin PBXSourcesBuildPhase section */
		936F3DA48F19D654672D3985 /* Sources */ = {
			isa = PBXSourcesBuildPhase;
			buildActionMask = 2147483647;
			files = (
				7051EA8A1074B074E9066E86 /* APIClient.swift in Sources */,
				8FFC71241BC3ED4990EAB622 /* BackendManager.swift in Sources */,
				36E5F9154701624042B95DEF /* Chat.swift in Sources */,
				93CF7619B13897AB0257C0FF /* ChatDetailView.swift in Sources */,
				8012D49AF590A2BD9113C13D /* ChatDetailViewModel.swift in Sources */,
				3341BA5CA31DF76A35FC9C20 /* ChatListView.swift in Sources */,
				B93D0867F32664B5F1DBCE9C /* ChatListViewModel.swift in Sources */,
				3A461B8F369A2080E0EDFE34 /* ContentView.swift in Sources */,
				4D2666DE73F19EE1F9BB0A3A /* DopetracksApp.swift in Sources */,
				B5CA8E867563E7A336B80071 /* Message.swift in Sources */,
				8A81FC548EA73EFDF89CE79F /* PermissionManager.swift in Sources */,
				4134F8EA83DE06CA9F26E999 /* Playlist.swift in Sources */,
				FAEFCBC0D09367959F79E97B /* PlaylistCreationView.swift in Sources */,
				2130917B436EDB55294198E1 /* PlaylistListView.swift in Sources */,
				47D1A1C96F7EAE5F0D72E9FC /* PlaylistListViewModel.swift in Sources */,
				BF0C25046B25453A958E6A5C /* SearchFilters.swift in Sources */,
				1DD3C342BDA2FC525BA63E71 /* SearchFiltersView.swift in Sources */,
				A065B1DF1F72F5B55CD149CF /* SettingsView.swift in Sources */,
				9B8615DC4D60641D10BFD679 /* SpotifyProfile.swift in Sources */,
				DA147891C0F1CD202DEE07F2 /* StartupView.swift in Sources */,
			);
			runOnlyForDeploymentPostprocessing = 0;
		};
/* End PBXSourcesBuildPhase section */

/* Begin XCBuildConfiguration section */
		187A61DE36865FF7BEEA4EE6 /* Debug */ = {
			isa = XCBuildConfiguration;
			buildSettings = {
				ALWAYS_SEARCH_USER_PATHS = NO;
				CLANG_ANALYZER_NONNULL = YES;
				CLANG_ANALYZER_NUMBER_OBJECT_CONVERSION = YES_AGGRESSIVE;
				CLANG_CXX_LANGUAGE_STANDARD = "gnu++14";
				CLANG_CXX_LIBRARY = "libc++";
				CLANG_ENABLE_MODULES = YES;
				CLANG_ENABLE_OBJC_ARC = YES;
				CLANG_ENABLE_OBJC_WEAK = YES;
				CLANG_WARN_BLOCK_CAPTURE_AUTORELEASING = YES;
				CLANG_WARN_BOOL_CONVERSION = YES;
				CLANG_WARN_COMMA = YES;
				CLANG_WARN_CONSTANT_CONVERSION = YES;
				CLANG_WARN_DEPRECATED_OBJC_IMPLEMENTATIONS = YES;
				CLANG_WARN_DIRECT_OBJC_ISA_USAGE = YES_ERROR;
				CLANG_WARN_DOCUMENTATION_COMMENTS = YES;
				CLANG_WARN_EMPTY_BODY = YES;
				CLANG_WARN_ENUM_CONVERSION = YES;
				CLANG_WARN_INFINITE_RECURSION = YES;
				CLANG_WARN_INT_CONVERSION = YES;
				CLANG_WARN_NON_LITERAL_NULL_CONVERSION = YES;
				CLANG_WARN_OBJC_IMPLICIT_RETAIN_SELF = YES;
				CLANG_WARN_OBJC_LITERAL_CONVERSION = YES;
				CLANG_WARN_OBJC_ROOT_CLASS = YES_ERROR;
				CLANG_WARN_QUOTED_INCLUDE_IN_FRAMEWORK_HEADER = YES;
				CLANG_WARN_RANGE_LOOP_ANALYSIS = YES;
				CLANG_WARN_STRICT_PROTOTYPES = YES;
				CLANG_WARN_SUSPICIOUS_MOVE = YES;
				CLANG_WARN_UNGUARDED_AVAILABILITY = YES_AGGRESSIVE;
				CLANG_WARN_UNREACHABLE_CODE = YES;
				CLANG_WARN__DUPLICATE_METHOD_MATCH = YES;
				COPY_PHASE_STRIP = NO;
				DEAD_CODE_STRIPPING = YES;
				DEBUG_INFORMATION_FORMAT = dwarf;
				ENABLE_STRICT_OBJC_MSGSEND = YES;
				ENABLE_TESTABILITY = YES;
				ENABLE_USER_SCRIPT_SANDBOXING = YES;
				GCC_C_LANGUAGE_STANDARD = gnu11;
				GCC_DYNAMIC_NO_PIC = NO;
				GCC_NO_COMMON_BLOCKS = YES;
				GCC_OPTIMIZATION_LEVEL = 0;
				GCC_PREPROCESSOR_DEFINITIONS = (
					"$(inherited)",
					"DEBUG=1",
				);
				GCC_WARN_64_TO_32_BIT_CONVERSION = YES;
				GCC_WARN_ABOUT_RETURN_TYPE = YES_ERROR;
				GCC_WARN_UNDECLARED_SELECTOR = YES;
				GCC_WARN_UNINITIALIZED_AUTOS = YES_AGGRESSIVE;
				GCC_WARN_UNUSED_FUNCTION = YES;
				GCC_WARN_UNUSED_VARIABLE = YES;
				MACOSX_DEPLOYMENT_TARGET = 13.0;
				MTL_ENABLE_DEBUG_INFO = INCLUDE_SOURCE;
				MTL_FAST_MATH = YES;
				ONLY_ACTIVE_ARCH = YES;
				PRODUCT_NAME = "$(TARGET_NAME)";
				SDKROOT = macosx;
				STRING_CATALOG_GENERATE_SYMBOLS = YES;
				SWIFT_ACTIVE_COMPILATION_CONDITIONS = DEBUG;
				SWIFT_OPTIMIZATION_LEVEL = "-Onone";
				SWIFT_VERSION = 5.0;
			};
			name = Debug;
		};
		24F49CFE74F1AEBCED4EEC77 /* Debug */ = {
			isa = XCBuildConfiguration;
			buildSettings = {
				ASSETCATALOG_COMPILER_APPICON_NAME = AppIcon;
				CODE_SIGN_IDENTITY = "-";
				COMBINE_HIDPI_IMAGES = YES;
				DEAD_CODE_STRIPPING = YES;
				DEVELOPMENT_TEAM = "";
				INFOPLIST_FILE = App/Info.plist;
				LD_RUNPATH_SEARCH_PATHS = (
					"$(inherited)",
					"@executable_path/../Frameworks",
				);
				MACOSX_DEPLOYMENT_TARGET = 13.0;
				PRODUCT_BUNDLE_IDENTIFIER = com.dopetracks.app;
				PRODUCT_NAME = DopetracksApp;
				SDKROOT = macosx;
				SWIFT_VERSION = 5.9;
			};
			name = Debug;
		};
		29DD1A61A6C8586699B34F71 /* Release */ = {
			isa = XCBuildConfiguration;
			buildSettings = {
				ASSETCATALOG_COMPILER_APPICON_NAME = AppIcon;
				CODE_SIGN_IDENTITY = "-";
				COMBINE_HIDPI_IMAGES = YES;
				DEAD_CODE_STRIPPING = YES;
				DEVELOPMENT_TEAM = "";
				INFOPLIST_FILE = App/Info.plist;
				LD_RUNPATH_SEARCH_PATHS = (
					"$(inherited)",
					"@executable_path/../Frameworks",
				);
				MACOSX_DEPLOYMENT_TARGET = 13.0;
				PRODUCT_BUNDLE_IDENTIFIER = com.dopetracks.app;
				PRODUCT_NAME = DopetracksApp;
				SDKROOT = macosx;
				SWIFT_VERSION = 5.9;
			};
			name = Release;
		};
		790330CF001F557CE453D3DF /* Release */ = {
			isa = XCBuildConfiguration;
			buildSettings = {
				ALWAYS_SEARCH_USER_PATHS = NO;
				CLANG_ANALYZER_NONNULL = YES;
				CLANG_ANALYZER_NUMBER_OBJECT_CONVERSION = YES_AGGRESSIVE;
				CLANG_CXX_LANGUAGE_STANDARD = "gnu++14";
				CLANG_CXX_LIBRARY = "libc++";
				CLANG_ENABLE_MODULES = YES;
				CLANG_ENABLE_OBJC_ARC = YES;
				CLANG_ENABLE_OBJC_WEAK = YES;
				CLANG_WARN_BLOCK_CAPTURE_AUTORELEASING = YES;
				CLANG_WARN_BOOL_CONVERSION = YES;
				CLANG_WARN_COMMA = YES;
				CLANG_WARN_CONSTANT_CONVERSION = YES;
				CLANG_WARN_DEPRECATED_OBJC_IMPLEMENTATIONS = YES;
				CLANG_WARN_DIRECT_OBJC_ISA_USAGE = YES_ERROR;
				CLANG_WARN_DOCUMENTATION_COMMENTS = YES;
				CLANG_WARN_EMPTY_BODY = YES;
				CLANG_WARN_ENUM_CONVERSION = YES;
				CLANG_WARN_INFINITE_RECURSION = YES;
				CLANG_WARN_INT_CONVERSION = YES;
				CLANG_WARN_NON_LITERAL_NULL_CONVERSION = YES;
				CLANG_WARN_OBJC_IMPLICIT_RETAIN_SELF = YES;
				CLANG_WARN_OBJC_LITERAL_CONVERSION = YES;
				CLANG_WARN_OBJC_ROOT_CLASS = YES_ERROR;
				CLANG_WARN_QUOTED_INCLUDE_IN_FRAMEWORK_HEADER = YES;
				CLANG_WARN_RANGE_LOOP_ANALYSIS = YES;
				CLANG_WARN_STRICT_PROTOTYPES = YES;
				CLANG_WARN_SUSPICIOUS_MOVE = YES;
				CLANG_WARN_UNGUARDED_AVAILABILITY = YES_AGGRESSIVE;
				CLANG_WARN_UNREACHABLE_CODE = YES;
				CLANG_WARN__DUPLICATE_METHOD_MATCH = YES;
				COPY_PHASE_STRIP = NO;
				DEAD_CODE_STRIPPING = YES;
				DEBUG_INFORMATION_FORMAT = "dwarf-with-dsym";
				ENABLE_NS_ASSERTIONS = NO;
				ENABLE_STRICT_OBJC_MSGSEND = YES;
				ENABLE_USER_SCRIPT_SANDBOXING = YES;
				GCC_C_LANGUAGE_STANDARD = gnu11;
				GCC_NO_COMMON_BLOCKS = YES;
				GCC_WARN_64_TO_32_BIT_CONVERSION = YES;
				GCC_WARN_ABOUT_RETURN_TYPE = YES_ERROR;
				GCC_WARN_UNDECLARED_SELECTOR = YES;
				GCC_WARN_UNINITIALIZED_AUTOS = YES_AGGRESSIVE;
				GCC_WARN_UNUSED_FUNCTION = YES;
				GCC_WARN_UNUSED_VARIABLE = YES;
				MACOSX_DEPLOYMENT_TARGET = 13.0;
				MTL_ENABLE_DEBUG_INFO = NO;
				MTL_FAST_MATH = YES;
				PRODUCT_NAME = "$(TARGET_NAME)";
				SDKROOT = macosx;
				STRING_CATALOG_GENERATE_SYMBOLS = YES;
				SWIFT_COMPILATION_MODE = wholemodule;
				SWIFT_OPTIMIZATION_LEVEL = "-O";
				SWIFT_VERSION = 5.0;
			};
			name = Release;
		};
/* End XCBuildConfiguration section */

/* Begin XCConfigurationList section */
		880831F7F7BAE2D16F6408D1 /* Build configuration list for PBXNativeTarget "DopetracksApp" */ = {
			isa = XCConfigurationList;
			buildConfigurations = (
				24F49CFE74F1AEBCED4EEC77 /* Debug */,
				29DD1A61A6C8586699B34F71 /* Release */,
			);
			defaultConfigurationIsVisible = 0;
			defaultConfigurationName = Debug;
		};
		AB7CC0D6283B148FF9B77B52 /* Build configuration list for PBXProject "DopetracksApp" */ = {
			isa = XCConfigurationList;
			buildConfigurations = (
				187A61DE36865FF7BEEA4EE6 /* Debug */,
				790330CF001F557CE453D3DF /* Release */,
			);
			defaultConfigurationIsVisible = 0;
			defaultConfigurationName = Debug;
		};
/* End XCConfigurationList section */
	};
	rootObject = 986CB695D9FF63C6FC835293 /* Project object */;
}
